
Microsoft Visual Studio Solution File, Format Version 12.00
# Visual Studio Version 16
VisualStudioVersion = 16.0.30011.22
MinimumVisualStudioVersion = 10.0.40219.1
Project("{9A19103F-16F7-4668-BE54-9A1E7A4F7556}") = "BuilderDesignPattern", "BuilderDesignPattern\BuilderDesignPattern.csproj", "{D4AE548F-D759-45AD-B339-050C98B2ADFC}"
EndProject
Project("{9A19103F-16F7-4668-BE54-9A1E7A4F7556}") = "AbrstractFactoryDesignPattern", "AbrstractFactoryDesignPattern\AbrstractFactoryDesignPattern.csproj", "{F069AA4A-1FBA-428C-A865-BBD5A75B7BE2}"
EndProject
Project("{FAE04EC0-301F-11D3-BF4B-00C04F79EFBC}") = "FactoryMethodDesignPattern", "AbstractFactoryDesignPattern\FactoryMethodDesignPattern.csproj", "{21559F21-6CB2-4C8C-856E-89D982148CD5}"
EndProject
Global
	GlobalSection(SolutionConfigurationPlatforms) = preSolution
		Debug|Any CPU = Debug|Any CPU
		Release|Any CPU = Release|Any CPU
	EndGlobalSection
	GlobalSection(ProjectConfigurationPlatforms) = postSolution
		{D4AE548F-D759-45AD-B339-050C98B2ADFC}.Debug|Any CPU.ActiveCfg = Debug|Any CPU
		{D4AE548F-D759-45AD-B339-050C98B2ADFC}.Debug|Any CPU.Build.0 = Debug|Any CPU
		{D4AE548F-D759-45AD-B339-050C98B2ADFC}.Release|Any CPU.ActiveCfg = Release|Any CPU
		{D4AE548F-D759-45AD-B339-050C98B2ADFC}.Release|Any CPU.Build.0 = Release|Any CPU
		{F069AA4A-1FBA-428C-A865-BBD5A75B7BE2}.Debug|Any CPU.ActiveCfg = Debug|Any CPU
		{F069AA4A-1FBA-428C-A865-BBD5A75B7BE2}.Debug|Any CPU.Build.0 = Debug|Any CPU
		{F069AA4A-1FBA-428C-A865-BBD5A75B7BE2}.Release|Any CPU.ActiveCfg = Release|Any CPU
		{F069AA4A-1FBA-428C-A865-BBD5A75B7BE2}.Release|Any CPU.Build.0 = Release|Any CPU
		{21559F21-6CB2-4C8C-856E-89D982148CD5}.Debug|Any CPU.ActiveCfg = Debug|Any CPU
		{21559F21-6CB2-4C8C-856E-89D982148CD5}.Debug|Any CPU.Build.0 = Debug|Any CPU
		{21559F21-6CB2-4C8C-856E-89D982148CD5}.Release|Any CPU.ActiveCfg = Release|Any CPU
		{21559F21-6CB2-4C8C-856E-89D982148CD5}.Release|Any CPU.Build.0 = Release|Any CPU
	EndGlobalSection
	GlobalSection(SolutionProperties) = preSolution
		HideSolutionNode = FALSE
	EndGlobalSection
	GlobalSection(ExtensibilityGlobals) = postSolution
		SolutionGuid = {B0555126-DD0D-42E5-B7FE-E4A9DC1BACC0}
	EndGlobalSection
EndGlobal
